// !$*UTF8*$!
{
	archiveVersion = 1;
	classes = {
	};
	objectVersion = 56;
	objects = {

/* Begin PBXBuildFile section */
		440E52A52CE39B97006555DD /* Actions.swift in Sources */ = {isa = PBXBuildFile; fileRef = 440E52952CE39B18006555DD /* Actions.swift */; };
		440E52A62CE39B97006555DD /* Settings.swift in Sources */ = {isa = PBXBuildFile; fileRef = 440E52962CE39B18006555DD /* Settings.swift */; };
		440E52A72CE39B97006555DD /* ContentView.swift in Sources */ = {isa = PBXBuildFile; fileRef = 440E529B2CE39B18006555DD /* ContentView.swift */; };
		440E52A82CE39B97006555DD /* newdemoApp.swift in Sources */ = {isa = PBXBuildFile; fileRef = 440E529E2CE39B18006555DD /* newdemoApp.swift */; };
		440E52A92CE39B97006555DD /* Notifications.swift in Sources */ = {isa = PBXBuildFile; fileRef = 440E529F2CE39B18006555DD /* Notifications.swift */; };
		440E52AA2CE39B9C006555DD /* NotificationService.swift in Sources */ = {isa = PBXBuildFile; fileRef = 440E52A32CE39B18006555DD /* NotificationService.swift */; };
		443384222C0E0A2500C476DD /* SettingsTests.swift in Sources */ = {isa = PBXBuildFile; fileRef = 443384212C0E0A2500C476DD /* SettingsTests.swift */; };
		44DE448D2D1AF99B00D4DD97 /* SPM_SAMPLE in Frameworks */ = {isa = PBXBuildFile; productRef = 44DE448C2D1AF99B00D4DD97 /* SPM_SAMPLE */; };
		44DE44902D1AF9E200D4DD97 /* SPM_SAMPLE in Frameworks */ = {isa = PBXBuildFile; productRef = 44DE448F2D1AF9E200D4DD97 /* SPM_SAMPLE */; };
		44EDFF0A2BC98BB200ED242F /* NotificationService.appex in Embed Foundation Extensions */ = {isa = PBXBuildFile; fileRef = 44EDFF032BC98BB200ED242F /* NotificationService.appex */; settings = {ATTRIBUTES = (RemoveHeadersOnCopy, ); }; };
		44EDFF202BCDA0CE00ED242F /* AppDelegateIntegration.swift in Sources */ = {isa = PBXBuildFile; fileRef = 44EDFF1F2BCDA0CE00ED242F /* AppDelegateIntegration.swift */; };
		44EDFF272BCDA35800ED242F /* NotificationsTest.swift in Sources */ = {isa = PBXBuildFile; fileRef = 44EDFF262BCDA35800ED242F /* NotificationsTest.swift */; };
		44EDFF2F2BCDA55500ED242F /* newdemoUITests.swift in Sources */ = {isa = PBXBuildFile; fileRef = 44EDFF2E2BCDA55500ED242F /* newdemoUITests.swift */; };
		44EDFF312BCDA55500ED242F /* newdemoUITestsLaunchTests.swift in Sources */ = {isa = PBXBuildFile; fileRef = 44EDFF302BCDA55500ED242F /* newdemoUITestsLaunchTests.swift */; };
/* End PBXBuildFile section */

/* Begin PBXContainerItemProxy section */
		44EDFF082BC98BB200ED242F /* PBXContainerItemProxy */ = {
			isa = PBXContainerItemProxy;
			containerPortal = 44556FCB2BC96D6000E92413 /* Project object */;
			proxyType = 1;
			remoteGlobalIDString = 44EDFF022BC98BB200ED242F;
			remoteInfo = NotificationService;
		};
		44EDFF212BCDA0CE00ED242F /* PBXContainerItemProxy */ = {
			isa = PBXContainerItemProxy;
			containerPortal = 44556FCB2BC96D6000E92413 /* Project object */;
			proxyType = 1;
			remoteGlobalIDString = 44556FD22BC96D6000E92413;
			remoteInfo = newdemo;
		};
		44EDFF322BCDA55500ED242F /* PBXContainerItemProxy */ = {
			isa = PBXContainerItemProxy;
			containerPortal = 44556FCB2BC96D6000E92413 /* Project object */;
			proxyType = 1;
			remoteGlobalIDString = 44556FD22BC96D6000E92413;
			remoteInfo = newdemo;
		};
/* End PBXContainerItemProxy section */

/* Begin PBXCopyFilesBuildPhase section */
		4433841E2C0E041D00C476DD /* Embed Frameworks */ = {
			isa = PBXCopyFilesBuildPhase;
			buildActionMask = 2147483647;
			dstPath = "";
			dstSubfolderSpec = 10;
			files = (
			);
			name = "Embed Frameworks";
			runOnlyForDeploymentPostprocessing = 0;
		};
		44EDFF0E2BC98BB200ED242F /* Embed Foundation Extensions */ = {
			isa = PBXCopyFilesBuildPhase;
			buildActionMask = 2147483647;
			dstPath = "";
			dstSubfolderSpec = 13;
			files = (
				44EDFF0A2BC98BB200ED242F /* NotificationService.appex in Embed Foundation Extensions */,
			);
			name = "Embed Foundation Extensions";
			runOnlyForDeploymentPostprocessing = 0;
		};
/* End PBXCopyFilesBuildPhase section */

/* Begin PBXFileReference section */
		440E52952CE39B18006555DD /* Actions.swift */ = {isa = PBXFileReference; lastKnownFileType = sourcecode.swift; path = Actions.swift; sourceTree = "<group>"; };
		440E52962CE39B18006555DD /* Settings.swift */ = {isa = PBXFileReference; lastKnownFileType = sourcecode.swift; path = Settings.swift; sourceTree = "<group>"; };
		440E52982CE39B18006555DD /* Preview Assets.xcassets */ = {isa = PBXFileReference; lastKnownFileType = folder.assetcatalog; path = "Preview Assets.xcassets"; sourceTree = "<group>"; };
		440E529A2CE39B18006555DD /* Assets.xcassets */ = {isa = PBXFileReference; lastKnownFileType = folder.assetcatalog; path = Assets.xcassets; sourceTree = "<group>"; };
		440E529B2CE39B18006555DD /* ContentView.swift */ = {isa = PBXFileReference; lastKnownFileType = sourcecode.swift; path = ContentView.swift; sourceTree = "<group>"; };
		440E529C2CE39B18006555DD /* Info.plist */ = {isa = PBXFileReference; lastKnownFileType = text.plist.xml; path = Info.plist; sourceTree = "<group>"; };
		440E529D2CE39B18006555DD /* newdemo.entitlements */ = {isa = PBXFileReference; lastKnownFileType = text.plist.entitlements; path = newdemo.entitlements; sourceTree = "<group>"; };
		440E529E2CE39B18006555DD /* newdemoApp.swift */ = {isa = PBXFileReference; lastKnownFileType = sourcecode.swift; path = newdemoApp.swift; sourceTree = "<group>"; };
		440E529F2CE39B18006555DD /* Notifications.swift */ = {isa = PBXFileReference; lastKnownFileType = sourcecode.swift; path = Notifications.swift; sourceTree = "<group>"; };
		440E52A12CE39B18006555DD /* Info.plist */ = {isa = PBXFileReference; lastKnownFileType = text.plist.xml; path = Info.plist; sourceTree = "<group>"; };
		440E52A22CE39B18006555DD /* NotificationService.entitlements */ = {isa = PBXFileReference; lastKnownFileType = text.plist.entitlements; path = NotificationService.entitlements; sourceTree = "<group>"; };
		440E52A32CE39B18006555DD /* NotificationService.swift */ = {isa = PBXFileReference; lastKnownFileType = sourcecode.swift; path = NotificationService.swift; sourceTree = "<group>"; };
		443384212C0E0A2500C476DD /* SettingsTests.swift */ = {isa = PBXFileReference; lastKnownFileType = sourcecode.swift; path = SettingsTests.swift; sourceTree = "<group>"; };
		44556FD32BC96D6000E92413 /* newdemo.app */ = {isa = PBXFileReference; explicitFileType = wrapper.application; includeInIndex = 0; path = newdemo.app; sourceTree = BUILT_PRODUCTS_DIR; };
		44EDFF032BC98BB200ED242F /* NotificationService.appex */ = {isa = PBXFileReference; explicitFileType = "wrapper.app-extension"; includeInIndex = 0; path = NotificationService.appex; sourceTree = BUILT_PRODUCTS_DIR; };
		44EDFF1D2BCDA0CE00ED242F /* newdemoTests.xctest */ = {isa = PBXFileReference; explicitFileType = wrapper.cfbundle; includeInIndex = 0; path = newdemoTests.xctest; sourceTree = BUILT_PRODUCTS_DIR; };
		44EDFF1F2BCDA0CE00ED242F /* AppDelegateIntegration.swift */ = {isa = PBXFileReference; lastKnownFileType = sourcecode.swift; path = AppDelegateIntegration.swift; sourceTree = "<group>"; };
		44EDFF262BCDA35800ED242F /* NotificationsTest.swift */ = {isa = PBXFileReference; lastKnownFileType = sourcecode.swift; path = NotificationsTest.swift; sourceTree = "<group>"; };
		44EDFF2C2BCDA55500ED242F /* newdemoUITests.xctest */ = {isa = PBXFileReference; explicitFileType = wrapper.cfbundle; includeInIndex = 0; path = newdemoUITests.xctest; sourceTree = BUILT_PRODUCTS_DIR; };
		44EDFF2E2BCDA55500ED242F /* newdemoUITests.swift */ = {isa = PBXFileReference; lastKnownFileType = sourcecode.swift; path = newdemoUITests.swift; sourceTree = "<group>"; };
		44EDFF302BCDA55500ED242F /* newdemoUITestsLaunchTests.swift */ = {isa = PBXFileReference; lastKnownFileType = sourcecode.swift; path = newdemoUITestsLaunchTests.swift; sourceTree = "<group>"; };
/* End PBXFileReference section */

/* Begin PBXFrameworksBuildPhase section */
		44556FD02BC96D6000E92413 /* Frameworks */ = {
			isa = PBXFrameworksBuildPhase;
			buildActionMask = 2147483647;
			files = (
				44DE448D2D1AF99B00D4DD97 /* SPM_SAMPLE in Frameworks */,
				44DE44902D1AF9E200D4DD97 /* SPM_SAMPLE in Frameworks */,
			);
			runOnlyForDeploymentPostprocessing = 0;
		};
		44EDFF002BC98BB200ED242F /* Frameworks */ = {
			isa = PBXFrameworksBuildPhase;
			buildActionMask = 2147483647;
			files = (
			);
			runOnlyForDeploymentPostprocessing = 0;
		};
		44EDFF1A2BCDA0CE00ED242F /* Frameworks */ = {
			isa = PBXFrameworksBuildPhase;
			buildActionMask = 2147483647;
			files = (
			);
			runOnlyForDeploymentPostprocessing = 0;
		};
		44EDFF292BCDA55500ED242F /* Frameworks */ = {
			isa = PBXFrameworksBuildPhase;
			buildActionMask = 2147483647;
			files = (
			);
			runOnlyForDeploymentPostprocessing = 0;
		};
/* End PBXFrameworksBuildPhase section */

/* Begin PBXGroup section */
		440E52972CE39B18006555DD /* Controllers */ = {
			isa = PBXGroup;
			children = (
				440E52952CE39B18006555DD /* Actions.swift */,
				440E52962CE39B18006555DD /* Settings.swift */,
			);
			path = Controllers;
			sourceTree = "<group>";
		};
		440E52992CE39B18006555DD /* Preview Content */ = {
			isa = PBXGroup;
			children = (
				440E52982CE39B18006555DD /* Preview Assets.xcassets */,
			);
			path = "Preview Content";
			sourceTree = "<group>";
		};
		440E52A02CE39B18006555DD /* newdemo */ = {
			isa = PBXGroup;
			children = (
				440E52972CE39B18006555DD /* Controllers */,
				440E52992CE39B18006555DD /* Preview Content */,
				440E529A2CE39B18006555DD /* Assets.xcassets */,
				440E529B2CE39B18006555DD /* ContentView.swift */,
				440E529C2CE39B18006555DD /* Info.plist */,
				440E529D2CE39B18006555DD /* newdemo.entitlements */,
				440E529E2CE39B18006555DD /* newdemoApp.swift */,
				440E529F2CE39B18006555DD /* Notifications.swift */,
			);
			path = newdemo;
			sourceTree = "<group>";
		};
		440E52A42CE39B18006555DD /* NotificationService */ = {
			isa = PBXGroup;
			children = (
				440E52A12CE39B18006555DD /* Info.plist */,
				440E52A22CE39B18006555DD /* NotificationService.entitlements */,
				440E52A32CE39B18006555DD /* NotificationService.swift */,
			);
			path = NotificationService;
			sourceTree = "<group>";
		};
		443383FD2C0E037F00C476DD /* Frameworks */ = {
			isa = PBXGroup;
			children = (
			);
			name = Frameworks;
			sourceTree = "<group>";
		};
		44556FCA2BC96D6000E92413 = {
			isa = PBXGroup;
			children = (
				440E52A02CE39B18006555DD /* newdemo */,
				440E52A42CE39B18006555DD /* NotificationService */,
				44EDFF1E2BCDA0CE00ED242F /* newdemoTests */,
				44EDFF2D2BCDA55500ED242F /* newdemoUITests */,
				44556FD42BC96D6000E92413 /* Products */,
				443383FD2C0E037F00C476DD /* Frameworks */,
			);
			sourceTree = "<group>";
		};
		44556FD42BC96D6000E92413 /* Products */ = {
			isa = PBXGroup;
			children = (
				44556FD32BC96D6000E92413 /* newdemo.app */,
				44EDFF032BC98BB200ED242F /* NotificationService.appex */,
				44EDFF1D2BCDA0CE00ED242F /* newdemoTests.xctest */,
				44EDFF2C2BCDA55500ED242F /* newdemoUITests.xctest */,
			);
			name = Products;
			sourceTree = "<group>";
		};
		44EDFF1E2BCDA0CE00ED242F /* newdemoTests */ = {
			isa = PBXGroup;
			children = (
				44EDFF1F2BCDA0CE00ED242F /* AppDelegateIntegration.swift */,
				443384212C0E0A2500C476DD /* SettingsTests.swift */,
				44EDFF262BCDA35800ED242F /* NotificationsTest.swift */,
			);
			path = newdemoTests;
			sourceTree = "<group>";
		};
		44EDFF2D2BCDA55500ED242F /* newdemoUITests */ = {
			isa = PBXGroup;
			children = (
				44EDFF2E2BCDA55500ED242F /* newdemoUITests.swift */,
				44EDFF302BCDA55500ED242F /* newdemoUITestsLaunchTests.swift */,
			);
			path = newdemoUITests;
			sourceTree = "<group>";
		};
/* End PBXGroup section */

/* Begin PBXNativeTarget section */
		44556FD22BC96D6000E92413 /* newdemo */ = {
			isa = PBXNativeTarget;
			buildConfigurationList = 44556FE12BC96D6100E92413 /* Build configuration list for PBXNativeTarget "newdemo" */;
			buildPhases = (
				44DE44862D19D12300D4DD97 /* ShellScript */,
				44556FCF2BC96D6000E92413 /* Sources */,
				44556FD02BC96D6000E92413 /* Frameworks */,
				44556FD12BC96D6000E92413 /* Resources */,
				44EDFF0E2BC98BB200ED242F /* Embed Foundation Extensions */,
				4433841E2C0E041D00C476DD /* Embed Frameworks */,
			);
			buildRules = (
			);
			dependencies = (
				44EDFF092BC98BB200ED242F /* PBXTargetDependency */,
			);
			name = newdemo;
			packageProductDependencies = (
				44DE448C2D1AF99B00D4DD97 /* SPM_SAMPLE */,
				44DE448F2D1AF9E200D4DD97 /* SPM_SAMPLE */,
			);
			productName = newdemo;
			productReference = 44556FD32BC96D6000E92413 /* newdemo.app */;
			productType = "com.apple.product-type.application";
		};
		44EDFF022BC98BB200ED242F /* NotificationService */ = {
			isa = PBXNativeTarget;
			buildConfigurationList = 44EDFF0B2BC98BB200ED242F /* Build configuration list for PBXNativeTarget "NotificationService" */;
			buildPhases = (
				44EDFEFF2BC98BB200ED242F /* Sources */,
				44EDFF002BC98BB200ED242F /* Frameworks */,
				44EDFF012BC98BB200ED242F /* Resources */,
			);
			buildRules = (
			);
			dependencies = (
			);
			name = NotificationService;
			productName = NotificationService;
			productReference = 44EDFF032BC98BB200ED242F /* NotificationService.appex */;
			productType = "com.apple.product-type.app-extension";
		};
		44EDFF1C2BCDA0CE00ED242F /* newdemoTests */ = {
			isa = PBXNativeTarget;
			buildConfigurationList = 44EDFF232BCDA0CE00ED242F /* Build configuration list for PBXNativeTarget "newdemoTests" */;
			buildPhases = (
				44EDFF192BCDA0CE00ED242F /* Sources */,
				44EDFF1A2BCDA0CE00ED242F /* Frameworks */,
				44EDFF1B2BCDA0CE00ED242F /* Resources */,
			);
			buildRules = (
			);
			dependencies = (
				44EDFF222BCDA0CE00ED242F /* PBXTargetDependency */,
			);
			name = newdemoTests;
			packageProductDependencies = (
			);
			productName = newdemoTests;
			productReference = 44EDFF1D2BCDA0CE00ED242F /* newdemoTests.xctest */;
			productType = "com.apple.product-type.bundle.unit-test";
		};
		44EDFF2B2BCDA55500ED242F /* newdemoUITests */ = {
			isa = PBXNativeTarget;
			buildConfigurationList = 44EDFF342BCDA55500ED242F /* Build configuration list for PBXNativeTarget "newdemoUITests" */;
			buildPhases = (
				44EDFF282BCDA55500ED242F /* Sources */,
				44EDFF292BCDA55500ED242F /* Frameworks */,
				44EDFF2A2BCDA55500ED242F /* Resources */,
			);
			buildRules = (
			);
			dependencies = (
				44EDFF332BCDA55500ED242F /* PBXTargetDependency */,
			);
			name = newdemoUITests;
			productName = newdemoUITests;
			productReference = 44EDFF2C2BCDA55500ED242F /* newdemoUITests.xctest */;
			productType = "com.apple.product-type.bundle.ui-testing";
		};
/* End PBXNativeTarget section */

/* Begin PBXProject section */
		44556FCB2BC96D6000E92413 /* Project object */ = {
			isa = PBXProject;
			attributes = {
				BuildIndependentTargetsInParallel = 1;
				LastSwiftUpdateCheck = 1530;
				LastUpgradeCheck = 1530;
				TargetAttributes = {
					44556FD22BC96D6000E92413 = {
						CreatedOnToolsVersion = 15.3;
					};
					44EDFF022BC98BB200ED242F = {
						CreatedOnToolsVersion = 15.3;
					};
					44EDFF1C2BCDA0CE00ED242F = {
						CreatedOnToolsVersion = 15.3;
						TestTargetID = 44556FD22BC96D6000E92413;
					};
					44EDFF2B2BCDA55500ED242F = {
						CreatedOnToolsVersion = 15.3;
						TestTargetID = 44556FD22BC96D6000E92413;
					};
				};
			};
			buildConfigurationList = 44556FCE2BC96D6000E92413 /* Build configuration list for PBXProject "newdemo" */;
			compatibilityVersion = "Xcode 14.0";
			developmentRegion = en;
			hasScannedForEncodings = 0;
			knownRegions = (
				en,
				Base,
			);
			mainGroup = 44556FCA2BC96D6000E92413;
			packageReferences = (
			);
			productRefGroup = 44556FD42BC96D6000E92413 /* Products */;
			projectDirPath = "";
			projectRoot = "";
			targets = (
				44556FD22BC96D6000E92413 /* newdemo */,
				44EDFF022BC98BB200ED242F /* NotificationService */,
				44EDFF1C2BCDA0CE00ED242F /* newdemoTests */,
				44EDFF2B2BCDA55500ED242F /* newdemoUITests */,
			);
		};
/* End PBXProject section */

/* Begin PBXResourcesBuildPhase section */
		44556FD12BC96D6000E92413 /* Resources */ = {
			isa = PBXResourcesBuildPhase;
			buildActionMask = 2147483647;
			files = (
			);
			runOnlyForDeploymentPostprocessing = 0;
		};
		44EDFF012BC98BB200ED242F /* Resources */ = {
			isa = PBXResourcesBuildPhase;
			buildActionMask = 2147483647;
			files = (
			);
			runOnlyForDeploymentPostprocessing = 0;
		};
		44EDFF1B2BCDA0CE00ED242F /* Resources */ = {
			isa = PBXResourcesBuildPhase;
			buildActionMask = 2147483647;
			files = (
			);
			runOnlyForDeploymentPostprocessing = 0;
		};
		44EDFF2A2BCDA55500ED242F /* Resources */ = {
			isa = PBXResourcesBuildPhase;
			buildActionMask = 2147483647;
			files = (
			);
			runOnlyForDeploymentPostprocessing = 0;
		};
/* End PBXResourcesBuildPhase section */

/* Begin PBXShellScriptBuildPhase section */
		44DE44862D19D12300D4DD97 /* ShellScript */ = {
			isa = PBXShellScriptBuildPhase;
			buildActionMask = 12;
			files = (
			);
			inputFileListPaths = (
			);
			inputPaths = (
			);
			outputFileListPaths = (
			);
			outputPaths = (
			);
			runOnlyForDeploymentPostprocessing = 0;
			shellPath = /bin/sh;
			shellScript = "#!/bin/bash\n\nLOCAL_PROJECT_PATH=\"../../Pushwoosh/Pushwoosh.xcodeproj\"\nPACKAGE_SWIFT_PATH=\"SPM_SAMPLE/Package.swift\"\n\nif [ -d \"$LOCAL_PROJECT_PATH\" ]; then\n    echo \"Using local Pushwoosh project: $LOCAL_PROJECT_PATH\"\nelse\n    echo \"Using SPM dependency for Pushwoosh\"\nfi\n";
		};
/* End PBXShellScriptBuildPhase section */

/* Begin PBXSourcesBuildPhase section */
		44556FCF2BC96D6000E92413 /* Sources */ = {
			isa = PBXSourcesBuildPhase;
			buildActionMask = 2147483647;
			files = (
				440E52A52CE39B97006555DD /* Actions.swift in Sources */,
				440E52A62CE39B97006555DD /* Settings.swift in Sources */,
				440E52A72CE39B97006555DD /* ContentView.swift in Sources */,
				440E52A82CE39B97006555DD /* newdemoApp.swift in Sources */,
				440E52A92CE39B97006555DD /* Notifications.swift in Sources */,
			);
			runOnlyForDeploymentPostprocessing = 0;
		};
		44EDFEFF2BC98BB200ED242F /* Sources */ = {
			isa = PBXSourcesBuildPhase;
			buildActionMask = 2147483647;
			files = (
				440E52AA2CE39B9C006555DD /* NotificationService.swift in Sources */,
			);
			runOnlyForDeploymentPostprocessing = 0;
		};
		44EDFF192BCDA0CE00ED242F /* Sources */ = {
			isa = PBXSourcesBuildPhase;
			buildActionMask = 2147483647;
			files = (
				443384222C0E0A2500C476DD /* SettingsTests.swift in Sources */,
				44EDFF272BCDA35800ED242F /* NotificationsTest.swift in Sources */,
				44EDFF202BCDA0CE00ED242F /* AppDelegateIntegration.swift in Sources */,
			);
			runOnlyForDeploymentPostprocessing = 0;
		};
		44EDFF282BCDA55500ED242F /* Sources */ = {
			isa = PBXSourcesBuildPhase;
			buildActionMask = 2147483647;
			files = (
				44EDFF312BCDA55500ED242F /* newdemoUITestsLaunchTests.swift in Sources */,
				44EDFF2F2BCDA55500ED242F /* newdemoUITests.swift in Sources */,
			);
			runOnlyForDeploymentPostprocessing = 0;
		};
/* End PBXSourcesBuildPhase section */

/* Begin PBXTargetDependency section */
		44EDFF092BC98BB200ED242F /* PBXTargetDependency */ = {
			isa = PBXTargetDependency;
			target = 44EDFF022BC98BB200ED242F /* NotificationService */;
			targetProxy = 44EDFF082BC98BB200ED242F /* PBXContainerItemProxy */;
		};
		44EDFF222BCDA0CE00ED242F /* PBXTargetDependency */ = {
			isa = PBXTargetDependency;
			target = 44556FD22BC96D6000E92413 /* newdemo */;
			targetProxy = 44EDFF212BCDA0CE00ED242F /* PBXContainerItemProxy */;
		};
		44EDFF332BCDA55500ED242F /* PBXTargetDependency */ = {
			isa = PBXTargetDependency;
			target = 44556FD22BC96D6000E92413 /* newdemo */;
			targetProxy = 44EDFF322BCDA55500ED242F /* PBXContainerItemProxy */;
		};
/* End PBXTargetDependency section */

/* Begin XCBuildConfiguration section */
		44556FDF2BC96D6100E92413 /* Debug */ = {
			isa = XCBuildConfiguration;
			buildSettings = {
				ALWAYS_SEARCH_USER_PATHS = NO;
				ASSETCATALOG_COMPILER_GENERATE_SWIFT_ASSET_SYMBOL_EXTENSIONS = YES;
				CLANG_ANALYZER_NONNULL = YES;
				CLANG_ANALYZER_NUMBER_OBJECT_CONVERSION = YES_AGGRESSIVE;
				CLANG_CXX_LANGUAGE_STANDARD = "gnu++20";
				CLANG_ENABLE_MODULES = YES;
				CLANG_ENABLE_OBJC_ARC = YES;
				CLANG_ENABLE_OBJC_WEAK = YES;
				CLANG_WARN_BLOCK_CAPTURE_AUTORELEASING = YES;
				CLANG_WARN_BOOL_CONVERSION = YES;
				CLANG_WARN_COMMA = YES;
				CLANG_WARN_CONSTANT_CONVERSION = YES;
				CLANG_WARN_DEPRECATED_OBJC_IMPLEMENTATIONS = YES;
				CLANG_WARN_DIRECT_OBJC_ISA_USAGE = YES_ERROR;
				CLANG_WARN_DOCUMENTATION_COMMENTS = YES;
				CLANG_WARN_EMPTY_BODY = YES;
				CLANG_WARN_ENUM_CONVERSION = YES;
				CLANG_WARN_INFINITE_RECURSION = YES;
				CLANG_WARN_INT_CONVERSION = YES;
				CLANG_WARN_NON_LITERAL_NULL_CONVERSION = YES;
				CLANG_WARN_OBJC_IMPLICIT_RETAIN_SELF = YES;
				CLANG_WARN_OBJC_LITERAL_CONVERSION = YES;
				CLANG_WARN_OBJC_ROOT_CLASS = YES_ERROR;
				CLANG_WARN_QUOTED_INCLUDE_IN_FRAMEWORK_HEADER = YES;
				CLANG_WARN_RANGE_LOOP_ANALYSIS = YES;
				CLANG_WARN_STRICT_PROTOTYPES = YES;
				CLANG_WARN_SUSPICIOUS_MOVE = YES;
				CLANG_WARN_UNGUARDED_AVAILABILITY = YES_AGGRESSIVE;
				CLANG_WARN_UNREACHABLE_CODE = YES;
				CLANG_WARN__DUPLICATE_METHOD_MATCH = YES;
				COPY_PHASE_STRIP = NO;
				DEBUG_INFORMATION_FORMAT = dwarf;
				ENABLE_STRICT_OBJC_MSGSEND = YES;
				ENABLE_TESTABILITY = YES;
				ENABLE_USER_SCRIPT_SANDBOXING = YES;
				GCC_C_LANGUAGE_STANDARD = gnu17;
				GCC_DYNAMIC_NO_PIC = NO;
				GCC_NO_COMMON_BLOCKS = YES;
				GCC_OPTIMIZATION_LEVEL = 0;
				GCC_PREPROCESSOR_DEFINITIONS = (
					"DEBUG=1",
					"$(inherited)",
				);
				GCC_WARN_64_TO_32_BIT_CONVERSION = YES;
				GCC_WARN_ABOUT_RETURN_TYPE = YES_ERROR;
				GCC_WARN_UNDECLARED_SELECTOR = YES;
				GCC_WARN_UNINITIALIZED_AUTOS = YES_AGGRESSIVE;
				GCC_WARN_UNUSED_FUNCTION = YES;
				GCC_WARN_UNUSED_VARIABLE = YES;
				IPHONEOS_DEPLOYMENT_TARGET = 17.4;
				LOCALIZATION_PREFERS_STRING_CATALOGS = YES;
				MTL_ENABLE_DEBUG_INFO = INCLUDE_SOURCE;
				MTL_FAST_MATH = YES;
				ONLY_ACTIVE_ARCH = YES;
				SDKROOT = iphoneos;
				SWIFT_ACTIVE_COMPILATION_CONDITIONS = "DEBUG $(inherited)";
				SWIFT_OPTIMIZATION_LEVEL = "-Onone";
			};
			name = Debug;
		};
		44556FE02BC96D6100E92413 /* Release */ = {
			isa = XCBuildConfiguration;
			buildSettings = {
				ALWAYS_SEARCH_USER_PATHS = NO;
				ASSETCATALOG_COMPILER_GENERATE_SWIFT_ASSET_SYMBOL_EXTENSIONS = YES;
				CLANG_ANALYZER_NONNULL = YES;
				CLANG_ANALYZER_NUMBER_OBJECT_CONVERSION = YES_AGGRESSIVE;
				CLANG_CXX_LANGUAGE_STANDARD = "gnu++20";
				CLANG_ENABLE_MODULES = YES;
				CLANG_ENABLE_OBJC_ARC = YES;
				CLANG_ENABLE_OBJC_WEAK = YES;
				CLANG_WARN_BLOCK_CAPTURE_AUTORELEASING = YES;
				CLANG_WARN_BOOL_CONVERSION = YES;
				CLANG_WARN_COMMA = YES;
				CLANG_WARN_CONSTANT_CONVERSION = YES;
				CLANG_WARN_DEPRECATED_OBJC_IMPLEMENTATIONS = YES;
				CLANG_WARN_DIRECT_OBJC_ISA_USAGE = YES_ERROR;
				CLANG_WARN_DOCUMENTATION_COMMENTS = YES;
				CLANG_WARN_EMPTY_BODY = YES;
				CLANG_WARN_ENUM_CONVERSION = YES;
				CLANG_WARN_INFINITE_RECURSION = YES;
				CLANG_WARN_INT_CONVERSION = YES;
				CLANG_WARN_NON_LITERAL_NULL_CONVERSION = YES;
				CLANG_WARN_OBJC_IMPLICIT_RETAIN_SELF = YES;
				CLANG_WARN_OBJC_LITERAL_CONVERSION = YES;
				CLANG_WARN_OBJC_ROOT_CLASS = YES_ERROR;
				CLANG_WARN_QUOTED_INCLUDE_IN_FRAMEWORK_HEADER = YES;
				CLANG_WARN_RANGE_LOOP_ANALYSIS = YES;
				CLANG_WARN_STRICT_PROTOTYPES = YES;
				CLANG_WARN_SUSPICIOUS_MOVE = YES;
				CLANG_WARN_UNGUARDED_AVAILABILITY = YES_AGGRESSIVE;
				CLANG_WARN_UNREACHABLE_CODE = YES;
				CLANG_WARN__DUPLICATE_METHOD_MATCH = YES;
				COPY_PHASE_STRIP = NO;
				DEBUG_INFORMATION_FORMAT = "dwarf-with-dsym";
				ENABLE_NS_ASSERTIONS = NO;
				ENABLE_STRICT_OBJC_MSGSEND = YES;
				ENABLE_USER_SCRIPT_SANDBOXING = YES;
				GCC_C_LANGUAGE_STANDARD = gnu17;
				GCC_NO_COMMON_BLOCKS = YES;
				GCC_WARN_64_TO_32_BIT_CONVERSION = YES;
				GCC_WARN_ABOUT_RETURN_TYPE = YES_ERROR;
				GCC_WARN_UNDECLARED_SELECTOR = YES;
				GCC_WARN_UNINITIALIZED_AUTOS = YES_AGGRESSIVE;
				GCC_WARN_UNUSED_FUNCTION = YES;
				GCC_WARN_UNUSED_VARIABLE = YES;
				IPHONEOS_DEPLOYMENT_TARGET = 17.4;
				LOCALIZATION_PREFERS_STRING_CATALOGS = YES;
				MTL_ENABLE_DEBUG_INFO = NO;
				MTL_FAST_MATH = YES;
				SDKROOT = iphoneos;
				SWIFT_COMPILATION_MODE = wholemodule;
				VALIDATE_PRODUCT = YES;
			};
			name = Release;
		};
		44556FE22BC96D6100E92413 /* Debug */ = {
			isa = XCBuildConfiguration;
			buildSettings = {
				ASSETCATALOG_COMPILER_APPICON_NAME = AppIcon;
				ASSETCATALOG_COMPILER_GLOBAL_ACCENT_COLOR_NAME = AccentColor;
				CODE_SIGN_ENTITLEMENTS = newdemo/newdemo.entitlements;
				CODE_SIGN_IDENTITY = "Apple Development";
				CODE_SIGN_STYLE = Automatic;
				CURRENT_PROJECT_VERSION = 1;
				DEVELOPMENT_ASSET_PATHS = "\"newdemo/Preview Content\"";
				DEVELOPMENT_TEAM = EZ696X67SZ;
				ENABLE_PREVIEWS = YES;
				ENABLE_USER_SCRIPT_SANDBOXING = NO;
				GENERATE_INFOPLIST_FILE = YES;
				INFOPLIST_FILE = newdemo/Info.plist;
				INFOPLIST_KEY_UIApplicationSceneManifest_Generation = YES;
				INFOPLIST_KEY_UIApplicationSupportsIndirectInputEvents = YES;
				INFOPLIST_KEY_UILaunchScreen_Generation = YES;
				INFOPLIST_KEY_UISupportedInterfaceOrientations_iPad = "UIInterfaceOrientationPortrait UIInterfaceOrientationPortraitUpsideDown UIInterfaceOrientationLandscapeLeft UIInterfaceOrientationLandscapeRight";
				INFOPLIST_KEY_UISupportedInterfaceOrientations_iPhone = "UIInterfaceOrientationPortrait UIInterfaceOrientationLandscapeLeft UIInterfaceOrientationLandscapeRight";
				IPHONEOS_DEPLOYMENT_TARGET = 17.0;
				LD_RUNPATH_SEARCH_PATHS = (
					"$(inherited)",
					"@executable_path/Frameworks",
				);
				MARKETING_VERSION = 1.0;
				PRODUCT_BUNDLE_IDENTIFIER = com.pushwoosh.newdemo;
				PRODUCT_NAME = "$(TARGET_NAME)";
				PROVISIONING_PROFILE_SPECIFIER = "";
				SWIFT_EMIT_LOC_STRINGS = YES;
				SWIFT_VERSION = 5.0;
				TARGETED_DEVICE_FAMILY = "1,2";
			};
			name = Debug;
		};
		44556FE32BC96D6100E92413 /* Release */ = {
			isa = XCBuildConfiguration;
			buildSettings = {
				ASSETCATALOG_COMPILER_APPICON_NAME = AppIcon;
				ASSETCATALOG_COMPILER_GLOBAL_ACCENT_COLOR_NAME = AccentColor;
				CODE_SIGN_ENTITLEMENTS = newdemo/newdemo.entitlements;
				CODE_SIGN_IDENTITY = "Apple Development";
				CODE_SIGN_STYLE = Automatic;
				CURRENT_PROJECT_VERSION = 1;
				DEVELOPMENT_ASSET_PATHS = "\"newdemo/Preview Content\"";
				DEVELOPMENT_TEAM = EZ696X67SZ;
				ENABLE_PREVIEWS = YES;
				ENABLE_USER_SCRIPT_SANDBOXING = NO;
				GENERATE_INFOPLIST_FILE = YES;
				INFOPLIST_FILE = newdemo/Info.plist;
				INFOPLIST_KEY_UIApplicationSceneManifest_Generation = YES;
				INFOPLIST_KEY_UIApplicationSupportsIndirectInputEvents = YES;
				INFOPLIST_KEY_UILaunchScreen_Generation = YES;
				INFOPLIST_KEY_UISupportedInterfaceOrientations_iPad = "UIInterfaceOrientationPortrait UIInterfaceOrientationPortraitUpsideDown UIInterfaceOrientationLandscapeLeft UIInterfaceOrientationLandscapeRight";
				INFOPLIST_KEY_UISupportedInterfaceOrientations_iPhone = "UIInterfaceOrientationPortrait UIInterfaceOrientationLandscapeLeft UIInterfaceOrientationLandscapeRight";
				IPHONEOS_DEPLOYMENT_TARGET = 17.0;
				LD_RUNPATH_SEARCH_PATHS = (
					"$(inherited)",
					"@executable_path/Frameworks",
				);
				MARKETING_VERSION = 1.0;
				PRODUCT_BUNDLE_IDENTIFIER = com.pushwoosh.newdemo;
				PRODUCT_NAME = "$(TARGET_NAME)";
				PROVISIONING_PROFILE_SPECIFIER = "";
				SWIFT_EMIT_LOC_STRINGS = YES;
				SWIFT_VERSION = 5.0;
				TARGETED_DEVICE_FAMILY = "1,2";
			};
			name = Release;
		};
		44EDFF0C2BC98BB200ED242F /* Debug */ = {
			isa = XCBuildConfiguration;
			buildSettings = {
				CODE_SIGN_ENTITLEMENTS = NotificationService/NotificationService.entitlements;
				CODE_SIGN_IDENTITY = "Apple Development";
				CODE_SIGN_STYLE = Automatic;
				CURRENT_PROJECT_VERSION = 1;
				DEVELOPMENT_TEAM = EZ696X67SZ;
				GENERATE_INFOPLIST_FILE = YES;
				INFOPLIST_FILE = NotificationService/Info.plist;
				INFOPLIST_KEY_CFBundleDisplayName = NotificationService;
				INFOPLIST_KEY_NSHumanReadableCopyright = "";
				IPHONEOS_DEPLOYMENT_TARGET = 17.0;
				LD_RUNPATH_SEARCH_PATHS = (
					"$(inherited)",
					"@executable_path/Frameworks",
					"@executable_path/../../Frameworks",
				);
				MARKETING_VERSION = 1.0;
				PRODUCT_BUNDLE_IDENTIFIER = com.pushwoosh.newdemo.NotificationService;
				PRODUCT_NAME = "$(TARGET_NAME)";
				PROVISIONING_PROFILE_SPECIFIER = "";
				SKIP_INSTALL = YES;
				SWIFT_EMIT_LOC_STRINGS = YES;
				SWIFT_VERSION = 5.0;
				TARGETED_DEVICE_FAMILY = "1,2";
			};
			name = Debug;
		};
		44EDFF0D2BC98BB200ED242F /* Release */ = {
			isa = XCBuildConfiguration;
			buildSettings = {
				CODE_SIGN_ENTITLEMENTS = NotificationService/NotificationService.entitlements;
				CODE_SIGN_IDENTITY = "Apple Development";
				CODE_SIGN_STYLE = Automatic;
				CURRENT_PROJECT_VERSION = 1;
				DEVELOPMENT_TEAM = EZ696X67SZ;
				GENERATE_INFOPLIST_FILE = YES;
				INFOPLIST_FILE = NotificationService/Info.plist;
				INFOPLIST_KEY_CFBundleDisplayName = NotificationService;
				INFOPLIST_KEY_NSHumanReadableCopyright = "";
				IPHONEOS_DEPLOYMENT_TARGET = 17.0;
				LD_RUNPATH_SEARCH_PATHS = (
					"$(inherited)",
					"@executable_path/Frameworks",
					"@executable_path/../../Frameworks",
				);
				MARKETING_VERSION = 1.0;
				PRODUCT_BUNDLE_IDENTIFIER = com.pushwoosh.newdemo.NotificationService;
				PRODUCT_NAME = "$(TARGET_NAME)";
				PROVISIONING_PROFILE_SPECIFIER = "";
				SKIP_INSTALL = YES;
				SWIFT_EMIT_LOC_STRINGS = YES;
				SWIFT_VERSION = 5.0;
				TARGETED_DEVICE_FAMILY = "1,2";
			};
			name = Release;
		};
		44EDFF242BCDA0CE00ED242F /* Debug */ = {
			isa = XCBuildConfiguration;
			buildSettings = {
				BUNDLE_LOADER = "$(TEST_HOST)";
				CODE_SIGN_STYLE = Manual;
				CURRENT_PROJECT_VERSION = 1;
				DEVELOPMENT_TEAM = "";
				GENERATE_INFOPLIST_FILE = YES;
				MARKETING_VERSION = 1.0;
				PRODUCT_BUNDLE_IDENTIFIER = com.pushwoosh.newdemo.newdemoTests;
				PRODUCT_NAME = "$(TARGET_NAME)";
				PROVISIONING_PROFILE_SPECIFIER = "";
				SWIFT_EMIT_LOC_STRINGS = NO;
				SWIFT_VERSION = 5.0;
				TARGETED_DEVICE_FAMILY = "1,2";
				TEST_HOST = "$(BUILT_PRODUCTS_DIR)/newdemo.app/$(BUNDLE_EXECUTABLE_FOLDER_PATH)/newdemo";
			};
			name = Debug;
		};
		44EDFF252BCDA0CE00ED242F /* Release */ = {
			isa = XCBuildConfiguration;
			buildSettings = {
				BUNDLE_LOADER = "$(TEST_HOST)";
				CODE_SIGN_STYLE = Manual;
				CURRENT_PROJECT_VERSION = 1;
				DEVELOPMENT_TEAM = "";
				GENERATE_INFOPLIST_FILE = YES;
				MARKETING_VERSION = 1.0;
				PRODUCT_BUNDLE_IDENTIFIER = com.pushwoosh.newdemo.newdemoTests;
				PRODUCT_NAME = "$(TARGET_NAME)";
				PROVISIONING_PROFILE_SPECIFIER = "";
				SWIFT_EMIT_LOC_STRINGS = NO;
				SWIFT_VERSION = 5.0;
				TARGETED_DEVICE_FAMILY = "1,2";
				TEST_HOST = "$(BUILT_PRODUCTS_DIR)/newdemo.app/$(BUNDLE_EXECUTABLE_FOLDER_PATH)/newdemo";
			};
			name = Release;
		};
		44EDFF352BCDA55500ED242F /* Debug */ = {
			isa = XCBuildConfiguration;
			buildSettings = {
				CODE_SIGN_STYLE = Automatic;
				CURRENT_PROJECT_VERSION = 1;
				DEVELOPMENT_TEAM = EZ696X67SZ;
				GENERATE_INFOPLIST_FILE = YES;
				MARKETING_VERSION = 1.0;
				PRODUCT_BUNDLE_IDENTIFIER = com.pushwoosh.newdemo.newdemoUITests;
				PRODUCT_NAME = "$(TARGET_NAME)";
				SWIFT_EMIT_LOC_STRINGS = NO;
				SWIFT_VERSION = 5.0;
				TARGETED_DEVICE_FAMILY = "1,2";
				TEST_TARGET_NAME = newdemo;
			};
			name = Debug;
		};
		44EDFF362BCDA55500ED242F /* Release */ = {
			isa = XCBuildConfiguration;
			buildSettings = {
				CODE_SIGN_STYLE = Automatic;
				CURRENT_PROJECT_VERSION = 1;
				DEVELOPMENT_TEAM = EZ696X67SZ;
				GENERATE_INFOPLIST_FILE = YES;
				MARKETING_VERSION = 1.0;
				PRODUCT_BUNDLE_IDENTIFIER = com.pushwoosh.newdemo.newdemoUITests;
				PRODUCT_NAME = "$(TARGET_NAME)";
				SWIFT_EMIT_LOC_STRINGS = NO;
				SWIFT_VERSION = 5.0;
				TARGETED_DEVICE_FAMILY = "1,2";
				TEST_TARGET_NAME = newdemo;
			};
			name = Release;
		};
/* End XCBuildConfiguration section */

/* Begin XCConfigurationList section */
		44556FCE2BC96D6000E92413 /* Build configuration list for PBXProject "newdemo" */ = {
			isa = XCConfigurationList;
			buildConfigurations = (
				44556FDF2BC96D6100E92413 /* Debug */,
				44556FE02BC96D6100E92413 /* Release */,
			);
			defaultConfigurationIsVisible = 0;
			defaultConfigurationName = Release;
		};
		44556FE12BC96D6100E92413 /* Build configuration list for PBXNativeTarget "newdemo" */ = {
			isa = XCConfigurationList;
			buildConfigurations = (
				44556FE22BC96D6100E92413 /* Debug */,
				44556FE32BC96D6100E92413 /* Release */,
			);
			defaultConfigurationIsVisible = 0;
			defaultConfigurationName = Release;
		};
		44EDFF0B2BC98BB200ED242F /* Build configuration list for PBXNativeTarget "NotificationService" */ = {
			isa = XCConfigurationList;
			buildConfigurations = (
				44EDFF0C2BC98BB200ED242F /* Debug */,
				44EDFF0D2BC98BB200ED242F /* Release */,
			);
			defaultConfigurationIsVisible = 0;
			defaultConfigurationName = Release;
		};
		44EDFF232BCDA0CE00ED242F /* Build configuration list for PBXNativeTarget "newdemoTests" */ = {
			isa = XCConfigurationList;
			buildConfigurations = (
				44EDFF242BCDA0CE00ED242F /* Debug */,
				44EDFF252BCDA0CE00ED242F /* Release */,
			);
			defaultConfigurationIsVisible = 0;
			defaultConfigurationName = Release;
		};
		44EDFF342BCDA55500ED242F /* Build configuration list for PBXNativeTarget "newdemoUITests" */ = {
			isa = XCConfigurationList;
			buildConfigurations = (
				44EDFF352BCDA55500ED242F /* Debug */,
				44EDFF362BCDA55500ED242F /* Release */,
			);
			defaultConfigurationIsVisible = 0;
			defaultConfigurationName = Release;
		};
/* End XCConfigurationList section */

/* Begin XCSwiftPackageProductDependency section */
		44DE448C2D1AF99B00D4DD97 /* SPM_SAMPLE */ = {
			isa = XCSwiftPackageProductDependency;
			productName = SPM_SAMPLE;
		};
		44DE448F2D1AF9E200D4DD97 /* SPM_SAMPLE */ = {
			isa = XCSwiftPackageProductDependency;
			productName = SPM_SAMPLE;
		};
/* End XCSwiftPackageProductDependency section */
	};
	rootObject = 44556FCB2BC96D6000E92413 /* Project object */;
}
