{
  "originHash" : "3b20cb4f137087f3296b388aca44911c95b540a836a33b13a3b44983b26232b8",
  "pins" : [
    {
      "identity" : "pushwoosh-xcframework",
      "kind" : "remoteSourceControl",
      "location" : "https://github.com/Pushwoosh/Pushwoosh-XCFramework.git",
      "state" : {
        "revision" : "7a6aae53c950f3d89481e8aa7531bdb356d822b4",
        "version" : "6.7.11"
      }
    }
  ],
  "version" : 3
}
